
Microsoft Visual Studio Solution File, Format Version 12.00
# Visual Studio Version 16
VisualStudioVersion = 16.0.30907.101
MinimumVisualStudioVersion = 10.0.40219.1
Project("{9A19103F-16F7-4668-BE54-9A1E7A4F7556}") = "Kampintro", "Kampintro\Kampintro.csproj", "{777B23F5-8620-436E-B53D-12F20171DC42}"
EndProject
Project("{9A19103F-16F7-4668-BE54-9A1E7A4F7556}") = "donguler", "donguler\donguler.csproj", "{B6106F12-BCD3-4BF5-8767-A1A659A1126E}"
EndProject
Project("{9A19103F-16F7-4668-BE54-9A1E7A4F7556}") = "classintro", "classintro\classintro.csproj", "{556DDA3B-B43E-487E-A125-842B441E8CBC}"
EndProject
Project("{FAE04EC0-301F-11D3-BF4B-00C04F79EFBC}") = "Metotlar", "Metotlar\Metotlar.csproj", "{FCE29C0D-B9EF-4C10-A6CF-CAC124C95E90}"
EndProject
Project("{FAE04EC0-301F-11D3-BF4B-00C04F79EFBC}") = "Matematik", "Matematik\Matematik.csproj", "{EDDD0FEE-C4F9-4E48-9C32-2B6F89FEBA53}"
EndProject
Project("{FAE04EC0-301F-11D3-BF4B-00C04F79EFBC}") = "DegerVeReferansTipler", "DegerVeReferansTipler\DegerVeReferansTipler.csproj", "{759F9D58-04AB-4BDA-AD1E-E86D48AC4483}"
EndProject
Global
	GlobalSection(SolutionConfigurationPlatforms) = preSolution
		Debug|Any CPU = Debug|Any CPU
		Release|Any CPU = Release|Any CPU
	EndGlobalSection
	GlobalSection(ProjectConfigurationPlatforms) = postSolution
		{777B23F5-8620-436E-B53D-12F20171DC42}.Debug|Any CPU.ActiveCfg = Debug|Any CPU
		{777B23F5-8620-436E-B53D-12F20171DC42}.Debug|Any CPU.Build.0 = Debug|Any CPU
		{777B23F5-8620-436E-B53D-12F20171DC42}.Release|Any CPU.ActiveCfg = Release|Any CPU
		{777B23F5-8620-436E-B53D-12F20171DC42}.Release|Any CPU.Build.0 = Release|Any CPU
		{B6106F12-BCD3-4BF5-8767-A1A659A1126E}.Debug|Any CPU.ActiveCfg = Debug|Any CPU
		{B6106F12-BCD3-4BF5-8767-A1A659A1126E}.Debug|Any CPU.Build.0 = Debug|Any CPU
		{B6106F12-BCD3-4BF5-8767-A1A659A1126E}.Release|Any CPU.ActiveCfg = Release|Any CPU
		{B6106F12-BCD3-4BF5-8767-A1A659A1126E}.Release|Any CPU.Build.0 = Release|Any CPU
		{556DDA3B-B43E-487E-A125-842B441E8CBC}.Debug|Any CPU.ActiveCfg = Debug|Any CPU
		{556DDA3B-B43E-487E-A125-842B441E8CBC}.Debug|Any CPU.Build.0 = Debug|Any CPU
		{556DDA3B-B43E-487E-A125-842B441E8CBC}.Release|Any CPU.ActiveCfg = Release|Any CPU
		{556DDA3B-B43E-487E-A125-842B441E8CBC}.Release|Any CPU.Build.0 = Release|Any CPU
		{FCE29C0D-B9EF-4C10-A6CF-CAC124C95E90}.Debug|Any CPU.ActiveCfg = Debug|Any CPU
		{FCE29C0D-B9EF-4C10-A6CF-CAC124C95E90}.Debug|Any CPU.Build.0 = Debug|Any CPU
		{FCE29C0D-B9EF-4C10-A6CF-CAC124C95E90}.Release|Any CPU.ActiveCfg = Release|Any CPU
		{FCE29C0D-B9EF-4C10-A6CF-CAC124C95E90}.Release|Any CPU.Build.0 = Release|Any CPU
		{EDDD0FEE-C4F9-4E48-9C32-2B6F89FEBA53}.Debug|Any CPU.ActiveCfg = Debug|Any CPU
		{EDDD0FEE-C4F9-4E48-9C32-2B6F89FEBA53}.Debug|Any CPU.Build.0 = Debug|Any CPU
		{EDDD0FEE-C4F9-4E48-9C32-2B6F89FEBA53}.Release|Any CPU.ActiveCfg = Release|Any CPU
		{EDDD0FEE-C4F9-4E48-9C32-2B6F89FEBA53}.Release|Any CPU.Build.0 = Release|Any CPU
		{759F9D58-04AB-4BDA-AD1E-E86D48AC4483}.Debug|Any CPU.ActiveCfg = Debug|Any CPU
		{759F9D58-04AB-4BDA-AD1E-E86D48AC4483}.Debug|Any CPU.Build.0 = Debug|Any CPU
		{759F9D58-04AB-4BDA-AD1E-E86D48AC4483}.Release|Any CPU.ActiveCfg = Release|Any CPU
		{759F9D58-04AB-4BDA-AD1E-E86D48AC4483}.Release|Any CPU.Build.0 = Release|Any CPU
	EndGlobalSection
	GlobalSection(SolutionProperties) = preSolution
		HideSolutionNode = FALSE
	EndGlobalSection
	GlobalSection(ExtensibilityGlobals) = postSolution
		SolutionGuid = {90F31FD0-2B43-42C6-AF6D-7DF77ED67BFD}
	EndGlobalSection
EndGlobal
